
Microsoft Visual Studio Solution File, Format Version 12.00
Project("{FAE04EC0-301F-11D3-BF4B-00C04F79EFBC}") = "Exercise14", "Exercise14\Exercise14.csproj", "{74075C51-E5AB-46EF-A812-52DD07318BC4}"
EndProject
Global
	GlobalSection(SolutionConfigurationPlatforms) = preSolution
		Debug|Any CPU = Debug|Any CPU
		Release|Any CPU = Release|Any CPU
	EndGlobalSection
	GlobalSection(ProjectConfigurationPlatforms) = postSolution
		{74075C51-E5AB-46EF-A812-52DD07318BC4}.Debug|Any CPU.ActiveCfg = Debug|Any CPU
		{74075C51-E5AB-46EF-A812-52DD07318BC4}.Debug|Any CPU.Build.0 = Debug|Any CPU
		{74075C51-E5AB-46EF-A812-52DD07318BC4}.Release|Any CPU.ActiveCfg = Release|Any CPU
		{74075C51-E5AB-46EF-A812-52DD07318BC4}.Release|Any CPU.Build.0 = Release|Any CPU
	EndGlobalSection
EndGlobal
