
Microsoft Visual Studio Solution File, Format Version 12.00
Project("{FAE04EC0-301F-11D3-BF4B-00C04F79EFBC}") = "Exercise22", "Exercise22\Exercise22.csproj", "{F79EB3BF-0644-434B-926C-16C6ADC2B20B}"
EndProject
Global
	GlobalSection(SolutionConfigurationPlatforms) = preSolution
		Debug|Any CPU = Debug|Any CPU
		Release|Any CPU = Release|Any CPU
	EndGlobalSection
	GlobalSection(ProjectConfigurationPlatforms) = postSolution
		{F79EB3BF-0644-434B-926C-16C6ADC2B20B}.Debug|Any CPU.ActiveCfg = Debug|Any CPU
		{F79EB3BF-0644-434B-926C-16C6ADC2B20B}.Debug|Any CPU.Build.0 = Debug|Any CPU
		{F79EB3BF-0644-434B-926C-16C6ADC2B20B}.Release|Any CPU.ActiveCfg = Release|Any CPU
		{F79EB3BF-0644-434B-926C-16C6ADC2B20B}.Release|Any CPU.Build.0 = Release|Any CPU
	EndGlobalSection
EndGlobal
