
Microsoft Visual Studio Solution File, Format Version 12.00
Project("{FAE04EC0-301F-11D3-BF4B-00C04F79EFBC}") = "Exercise10", "Exercise10\Exercise10.csproj", "{EB8A61E1-1539-4E5B-A831-AD9497DCD4B2}"
EndProject
Global
	GlobalSection(SolutionConfigurationPlatforms) = preSolution
		Debug|Any CPU = Debug|Any CPU
		Release|Any CPU = Release|Any CPU
	EndGlobalSection
	GlobalSection(ProjectConfigurationPlatforms) = postSolution
		{EB8A61E1-1539-4E5B-A831-AD9497DCD4B2}.Debug|Any CPU.ActiveCfg = Debug|Any CPU
		{EB8A61E1-1539-4E5B-A831-AD9497DCD4B2}.Debug|Any CPU.Build.0 = Debug|Any CPU
		{EB8A61E1-1539-4E5B-A831-AD9497DCD4B2}.Release|Any CPU.ActiveCfg = Release|Any CPU
		{EB8A61E1-1539-4E5B-A831-AD9497DCD4B2}.Release|Any CPU.Build.0 = Release|Any CPU
	EndGlobalSection
EndGlobal
