
Microsoft Visual Studio Solution File, Format Version 12.00
Project("{FAE04EC0-301F-11D3-BF4B-00C04F79EFBC}") = "Exercise21", "Exercise21\Exercise21.csproj", "{1E0E5FEB-EBE3-4EFE-95B4-E16E92C30555}"
EndProject
Global
	GlobalSection(SolutionConfigurationPlatforms) = preSolution
		Debug|Any CPU = Debug|Any CPU
		Release|Any CPU = Release|Any CPU
	EndGlobalSection
	GlobalSection(ProjectConfigurationPlatforms) = postSolution
		{1E0E5FEB-EBE3-4EFE-95B4-E16E92C30555}.Debug|Any CPU.ActiveCfg = Debug|Any CPU
		{1E0E5FEB-EBE3-4EFE-95B4-E16E92C30555}.Debug|Any CPU.Build.0 = Debug|Any CPU
		{1E0E5FEB-EBE3-4EFE-95B4-E16E92C30555}.Release|Any CPU.ActiveCfg = Release|Any CPU
		{1E0E5FEB-EBE3-4EFE-95B4-E16E92C30555}.Release|Any CPU.Build.0 = Release|Any CPU
	EndGlobalSection
EndGlobal
